
Microsoft Visual Studio Solution File, Format Version 12.00
# Visual Studio Version 16
VisualStudioVersion = 16.0.30717.126
MinimumVisualStudioVersion = 10.0.40219.1
Project("{FAE04EC0-301F-11D3-BF4B-00C04F79EFBC}") = "Assignment_SC", "Assignment_SC.csproj", "{5FCA9406-1C8C-474C-A772-BF981F0E3916}"
EndProject
Global
	GlobalSection(SolutionConfigurationPlatforms) = preSolution
		Debug|Any CPU = Debug|Any CPU
		Release|Any CPU = Release|Any CPU
	EndGlobalSection
	GlobalSection(ProjectConfigurationPlatforms) = postSolution
		{5FCA9406-1C8C-474C-A772-BF981F0E3916}.Debug|Any CPU.ActiveCfg = Debug|Any CPU
		{5FCA9406-1C8C-474C-A772-BF981F0E3916}.Debug|Any CPU.Build.0 = Debug|Any CPU
		{5FCA9406-1C8C-474C-A772-BF981F0E3916}.Release|Any CPU.ActiveCfg = Release|Any CPU
		{5FCA9406-1C8C-474C-A772-BF981F0E3916}.Release|Any CPU.Build.0 = Release|Any CPU
	EndGlobalSection
	GlobalSection(SolutionProperties) = preSolution
		HideSolutionNode = FALSE
	EndGlobalSection
	GlobalSection(ExtensibilityGlobals) = postSolution
		SolutionGuid = {523467BB-86CA-44EB-9BAD-1B3FC10800C2}
	EndGlobalSection
EndGlobal
